Microsoft Visual Studio Solution File, Format Version 12.00
# Visual Studio 14
VisualStudioVersion = 14.0.23107.0
MinimumVisualStudioVersion = 10.0.40219.1
Project("{FAE04EC0-301F-11D3-BF4B-00C04F79EFBC}") = "SearchAlgorithmsLib", "SearchAlgorithmsLib\SearchAlgorithmsLib.csproj", "{71D671CA-A8A5-483A-A61B-1C57D3BEC287}"
EndProject
Project("{FAE04EC0-301F-11D3-BF4B-00C04F79EFBC}") = "MazeProject", "MazeProject\MazeProject.csproj", "{81BB324E-AB31-49AC-9F44-166A85421C36}"
EndProject
Project("{FAE04EC0-301F-11D3-BF4B-00C04F79EFBC}") = "MazeLib", "MazeLib\MazeLib.csproj", "{6C82CC6B-F97D-4A88-A10E-4009124BAA31}"
EndProject
Project("{FAE04EC0-301F-11D3-BF4B-00C04F79EFBC}") = "MazeGeneratorLib", "MazeGeneratorLib\MazeGeneratorLib.csproj", "{332435B8-6BF5-40D7-85FC-4A0E0836AEA8}"
EndProject
Project("{FAE04EC0-301F-11D3-BF4B-00C04F79EFBC}") = "Client", "Client\Client.csproj", "{B05AB6F8-6202-4ED1-B9A6-61DD248988B6}"
EndProject
Project("{FAE04EC0-301F-11D3-BF4B-00C04F79EFBC}") = "Server", "Server\Server.csproj", "{9D639B3C-B1F8-4B4C-BD68-0E534C38BF95}"
EndProject
Project("{FAE04EC0-301F-11D3-BF4B-00C04F79EFBC}") = "ClientGui", "ClientGui\ClientGui.csproj", "{F58A6F5B-6C75-448E-97B0-A9FBBF6C009C}"
EndProject
Project("{FAE04EC0-301F-11D3-BF4B-00C04F79EFBC}") = "SolutionLib", "SolutionLib\SolutionLib.csproj", "{CF0C79BD-C604-441C-87FD-3B6D0D74EA8D}"
EndProject
Global
	GlobalSection(SolutionConfigurationPlatforms) = preSolution
		Debug|Any CPU = Debug|Any CPU
		Release|Any CPU = Release|Any CPU
	EndGlobalSection
	GlobalSection(ProjectConfigurationPlatforms) = postSolution
		{71D671CA-A8A5-483A-A61B-1C57D3BEC287}.Debug|Any CPU.ActiveCfg = Debug|Any CPU
		{71D671CA-A8A5-483A-A61B-1C57D3BEC287}.Debug|Any CPU.Build.0 = Debug|Any CPU
		{71D671CA-A8A5-483A-A61B-1C57D3BEC287}.Release|Any CPU.ActiveCfg = Release|Any CPU
		{71D671CA-A8A5-483A-A61B-1C57D3BEC287}.Release|Any CPU.Build.0 = Release|Any CPU
		{81BB324E-AB31-49AC-9F44-166A85421C36}.Debug|Any CPU.ActiveCfg = Debug|Any CPU
		{81BB324E-AB31-49AC-9F44-166A85421C36}.Debug|Any CPU.Build.0 = Debug|Any CPU
		{81BB324E-AB31-49AC-9F44-166A85421C36}.Release|Any CPU.ActiveCfg = Release|Any CPU
		{81BB324E-AB31-49AC-9F44-166A85421C36}.Release|Any CPU.Build.0 = Release|Any CPU
		{6C82CC6B-F97D-4A88-A10E-4009124BAA31}.Debug|Any CPU.ActiveCfg = Debug|Any CPU
		{6C82CC6B-F97D-4A88-A10E-4009124BAA31}.Debug|Any CPU.Build.0 = Debug|Any CPU
		{6C82CC6B-F97D-4A88-A10E-4009124BAA31}.Release|Any CPU.ActiveCfg = Release|Any CPU
		{6C82CC6B-F97D-4A88-A10E-4009124BAA31}.Release|Any CPU.Build.0 = Release|Any CPU
		{332435B8-6BF5-40D7-85FC-4A0E0836AEA8}.Debug|Any CPU.ActiveCfg = Debug|Any CPU
		{332435B8-6BF5-40D7-85FC-4A0E0836AEA8}.Debug|Any CPU.Build.0 = Debug|Any CPU
		{332435B8-6BF5-40D7-85FC-4A0E0836AEA8}.Release|Any CPU.ActiveCfg = Release|Any CPU
		{332435B8-6BF5-40D7-85FC-4A0E0836AEA8}.Release|Any CPU.Build.0 = Release|Any CPU
		{B05AB6F8-6202-4ED1-B9A6-61DD248988B6}.Debug|Any CPU.ActiveCfg = Debug|Any CPU
		{B05AB6F8-6202-4ED1-B9A6-61DD248988B6}.Debug|Any CPU.Build.0 = Debug|Any CPU
		{B05AB6F8-6202-4ED1-B9A6-61DD248988B6}.Release|Any CPU.ActiveCfg = Release|Any CPU
		{B05AB6F8-6202-4ED1-B9A6-61DD248988B6}.Release|Any CPU.Build.0 = Release|Any CPU
		{9D639B3C-B1F8-4B4C-BD68-0E534C38BF95}.Debug|Any CPU.ActiveCfg = Debug|Any CPU
		{9D639B3C-B1F8-4B4C-BD68-0E534C38BF95}.Debug|Any CPU.Build.0 = Debug|Any CPU
		{9D639B3C-B1F8-4B4C-BD68-0E534C38BF95}.Release|Any CPU.ActiveCfg = Release|Any CPU
		{9D639B3C-B1F8-4B4C-BD68-0E534C38BF95}.Release|Any CPU.Build.0 = Release|Any CPU
		{F58A6F5B-6C75-448E-97B0-A9FBBF6C009C}.Debug|Any CPU.ActiveCfg = Debug|Any CPU
		{F58A6F5B-6C75-448E-97B0-A9FBBF6C009C}.Debug|Any CPU.Build.0 = Debug|Any CPU
		{F58A6F5B-6C75-448E-97B0-A9FBBF6C009C}.Release|Any CPU.ActiveCfg = Release|Any CPU
		{F58A6F5B-6C75-448E-97B0-A9FBBF6C009C}.Release|Any CPU.Build.0 = Release|Any CPU
		{CF0C79BD-C604-441C-87FD-3B6D0D74EA8D}.Debug|Any CPU.ActiveCfg = Debug|Any CPU
		{CF0C79BD-C604-441C-87FD-3B6D0D74EA8D}.Debug|Any CPU.Build.0 = Debug|Any CPU
		{CF0C79BD-C604-441C-87FD-3B6D0D74EA8D}.Release|Any CPU.ActiveCfg = Release|Any CPU
		{CF0C79BD-C604-441C-87FD-3B6D0D74EA8D}.Release|Any CPU.Build.0 = Release|Any CPU
	EndGlobalSection
	GlobalSection(SolutionProperties) = preSolution
		HideSolutionNode = FALSE
	EndGlobalSection
EndGlobal
